<?xml version="1.0" encoding="UTF-8" standalone="yes" ?>
<CodeBlocks_project_file>
	<FileVersion major="1" minor="6" />
	<Project>
		<Option title="calculator" />
		<Option pch_mode="2" />
		<Option compiler="gcc" />
		<Build>
			<Target title="Debug">
				<Option output="./Debug/calculator" prefix_auto="1" extension_auto="1" />
				<Option object_output="obj/Debug/" />
				<Option type="1" />
				<Option compiler="gcc" />
				<Option use_console_runner="0" />
				<Compiler>
					<Add option="-g" />
				</Compiler>
			</Target>
			<Target title="test">
				<Option output="./Debug/test" prefix_auto="1" extension_auto="1" />
				<Option object_output="obj/Debug/" />
				<Option type="1" />
				<Option compiler="gcc" />
				<Option use_console_runner="0" />
				<Compiler>
					<Add option="-g" />
				</Compiler>
			</Target>
		</Build>
		<Compiler>
			<Add option="-Wall" />
			<Add option="-g" />
			<Add option="-fexceptions" />
			<Add option="-pthread" />
			<Add option="-Winvalid-pch" />
			<Add option="-DCGIversionLimitRAMuse" />
		</Compiler>
		<Linker>
			<Add library="libpthread" />
		</Linker>
		<Unit filename="test.cpp">
			<Option target="test" />
		</Unit>
		<Unit filename="vpf.h">
			<Option compile="1" />
			<Option weight="0" />
		</Unit>
		<Unit filename="vpf1_5SubsetsSelections.h" />
		<Unit filename="vpf4CalculatorFunctionList.cpp" />
		<Unit filename="vpf5.cpp" />
		<Unit filename="vpf5_1CalculatorCode.cpp" />
		<Unit filename="vpf6.cpp" />
		<Unit filename="vpf6_1innerTypedFunctions.cpp" />
		<Unit filename="vpf6_2serialization_code.cpp" />
		<Unit filename="vpf7.cpp" />
		<Unit filename="vpf8.cpp" />
		<Unit filename="vpf9.cpp" />
		<Unit filename="vpf9_1.cpp" />
		<Unit filename="vpf9_2.cpp" />
		<Unit filename="vpf9_3RationalRadicals.cpp" />
		<Unit filename="vpf9_4SemisimpleLieAlgebras.cpp" />
		<Unit filename="vpfCalculatorMain.cpp">
			<Option target="Debug" />
		</Unit>
		<Unit filename="vpfCharacters.cpp" />
		<Unit filename="vpfCharacters.h" />
		<Unit filename="vpfCharacters_CalculatorInterface.cpp" />
		<Unit filename="vpfCharacters_CalculatorInterface.h" />
		<Unit filename="vpfGraph.cpp" />
		<Unit filename="vpfGraph.h" />
		<Unit filename="vpfHeader1.h" />
		<Unit filename="vpfHeader1_2.h" />
		<Unit filename="vpfHeader1_3.h" />
		<Unit filename="vpfHeader1_4SemisimpleLieAlgebras.h" />
		<Unit filename="vpfHeader2.h" />
		<Unit filename="vpfHeader3ListReferences.h" />
		<Unit filename="vpfMacros.h" />
		<Extensions>
			<code_completion />
			<debugger />
			<envvars />
		</Extensions>
	</Project>
</CodeBlocks_project_file>
