<?xml version="1.0" encoding="UTF-8" standalone="yes" ?>
<CodeBlocks_project_file>
	<FileVersion major="1" minor="6" />
	<Project>
		<Option title="calculator" />
		<Option pch_mode="2" />
		<Option compiler="gcc" />
		<Build>
			<Target title="Mysql_and_ssl">
				<Option output="./Debug/calculator" prefix_auto="1" extension_auto="1" />
				<Option object_output="obj/Debug/" />
				<Option type="1" />
				<Option compiler="gcc" />
				<Compiler>
					<Add option="-std=c++11" />
					<Add option="-Wall" />
					<Add option="-g" />
					<Add option="-DMACRO_use_open_ssl" />
					<Add option="-DMACRO_use_MySQL" />
				</Compiler>
			</Target>
			<Target title="NO_mysql_and_ssl">
				<Option output="./Debug/calculatorNO_mysql_ssl" prefix_auto="1" extension_auto="1" />
				<Option object_output="obj/nomysql_nossl/" />
				<Option type="1" />
				<Option compiler="gcc" />
				<Compiler>
					<Add option="-std=c++11" />
					<Add option="-Wall" />
					<Add option="-g" />
				</Compiler>
			</Target>
		</Build>
		<Compiler>
			<Add option="-std=c++11" />
			<Add option="-Wall" />
			<Add option="-g" />
			<Add option="-pthread" />
		</Compiler>
		<Linker>
			<Add library="libpthread" />
			<Add library="ssl" />
			<Add library="crypto" />
			<Add library="libmysqlclient" />
		</Linker>
		<Unit filename="ProblemCollections/Calculus_I_UMB_Spring_2016_MilevXu.html" />
		<Unit filename="ProblemCollections/Homework/Limits-1.html" />
		<Unit filename="ProblemCollections/Homework/Limits-involving-infinity-1.html" />
		<Unit filename="ProblemCollections/Homework/Precalculus-Prerequisites-UMB-1.html" />
		<Unit filename="ProblemCollections/Problems/Limits-x-tends-to-infinity-RF-deg-den-smaller-1.html" />
		<Unit filename="ProblemCollections/Problems/Limits-x-tends-to-infinity-RF-equal-deg-1.html" />
		<Unit filename="ProblemCollections/Problems/Limits-x-tends-to-minus-infinity-RF-deg-den-smaller-1.html" />
		<Unit filename="ProblemCollections/Problems/Limits-x-tends-to-minus-infinity-RF-deg-den-smaller-2.html" />
		<Unit filename="ProblemCollections/Problems/Limits-x-tends-to-minus-infinity-RF-equal-deg-1.html" />
		<Unit filename="ProblemCollections/Problems/Limits-x-tends-to-minus-infinity-quotient-radical-odd-power-basic-1.html" />
		<Unit filename="ProblemCollections/Problems/Limits-x-tends-to-pm-infinity-RF-num-deg-smaller-1.html" />
		<Unit filename="ProblemCollections/Problems/Limits-x-tends-to-pm-infinity-quotient-radical-even-power-basic-1.html" />
		<Unit filename="test.cpp" />
		<Unit filename="vpf.h" />
		<Unit filename="vpf2Math3_SymmetricGroupsAndGeneralizations.cpp" />
		<Unit filename="vpf4CalculatorFunctionList.cpp" />
		<Unit filename="vpf5.cpp" />
		<Unit filename="vpf5_1CalculatorCode.cpp" />
		<Unit filename="vpf5_2javascript_graphics.cpp" />
		<Unit filename="vpf6.cpp" />
		<Unit filename="vpf6_05evaluationroutines.cpp" />
		<Unit filename="vpf6_0parsingRoutines.cpp" />
		<Unit filename="vpf6_1innerTypedFunctions.cpp" />
		<Unit filename="vpf6_2serialization_code.cpp" />
		<Unit filename="vpf6_35calculatorMathRoutinesPart2.cpp" />
		<Unit filename="vpf6_3calculatorMathRoutines.cpp" />
		<Unit filename="vpf6_4ExpressionsImplementation.cpp" />
		<Unit filename="vpf6_5calculator_web_routines.cpp" />
		<Unit filename="vpf7.cpp" />
		<Unit filename="vpf8.cpp" />
		<Unit filename="vpf8_1DatabaseInterface_MySQL.cpp" />
		<Unit filename="vpf9.cpp" />
		<Unit filename="vpf99_HardcodedData.cpp" />
		<Unit filename="vpf9_1.cpp" />
		<Unit filename="vpf9_2.cpp" />
		<Unit filename="vpf9_3RationalRadicals.cpp" />
		<Unit filename="vpf9_4SemisimpleLieAlgebras.cpp" />
		<Unit filename="vpf9_5SemisimpleLieAlgebras_RootSubalgebras.cpp" />
		<Unit filename="vpf9_6SemisimpleLieSubAlgebras.cpp" />
		<Unit filename="vpf9_7floating_point_routines.cpp" />
		<Unit filename="vpf9_85TimeDateWrappers.cpp" />
		<Unit filename="vpf9_8GlobalObjects.cpp" />
		<Unit filename="vpf9_91html_routines_calculator.cpp" />
		<Unit filename="vpf9_92multitasking.cpp" />
		<Unit filename="vpf9_9SystemFunctions.cpp" />
		<Unit filename="vpfCalculatorMain.cpp" />
		<Unit filename="vpfCharacters.cpp" />
		<Unit filename="vpfCharacters_CalculatorInterface.cpp" />
		<Unit filename="vpfCrypto.cpp" />
		<Unit filename="vpfFiniteFields.cpp" />
		<Unit filename="vpfFiniteFields.h" />
		<Unit filename="vpfGraph.cpp" />
		<Unit filename="vpfHeader1General0_General.h" />
		<Unit filename="vpfHeader1General1_ListReferences.h" />
		<Unit filename="vpfHeader1General2Multitasking.h" />
		<Unit filename="vpfHeader1General3_Test.h" />
		<Unit filename="vpfHeader1General4General_Logging_GlobalVariables.h" />
		<Unit filename="vpfHeader1General5TimeDate.h" />
		<Unit filename="vpfHeader2Math01_LargeIntArithmetic.h" />
		<Unit filename="vpfHeader2Math02_Vectors.h" />
		<Unit filename="vpfHeader2Math0_General.h" />
		<Unit filename="vpfHeader2Math15_UniversalEnveloping.h" />
		<Unit filename="vpfHeader2Math1_2SemisimpleLieAlgebras_RootSubalgebras.h" />
		<Unit filename="vpfHeader2Math1_3SemisimpleLieSubalgebras.h" />
		<Unit filename="vpfHeader2Math1_LieTheoryExtras.h" />
		<Unit filename="vpfHeader2Math1_SemisimpleLieAlgebras.h" />
		<Unit filename="vpfHeader2Math2_AlgebraicNumbers.h" />
		<Unit filename="vpfHeader2Math3_FiniteGroups.h" />
		<Unit filename="vpfHeader2Math3_SymmetricGroupsAndGeneralizations.h" />
		<Unit filename="vpfHeader2Math4_Graph.h" />
		<Unit filename="vpfHeader2Math5_SubsetsSelections.h" />
		<Unit filename="vpfHeader2Math6_ModulesSSLieAlgebras.h" />
		<Unit filename="vpfHeader2Math7_PackedVector.h" />
		<Unit filename="vpfHeader2Math8_VectorSpace.h" />
		<Unit filename="vpfHeader2Math9DrawingVariables.h" />
		<Unit filename="vpfHeader3Calculator0_Interface.h" />
		<Unit filename="vpfHeader3Calculator1_InnerTypedFunctions.h" />
		<Unit filename="vpfHeader3Calculator2_InnerFunctions.h" />
		<Unit filename="vpfHeader3Calculator3_WeylGroupCharacters.h" />
		<Unit filename="vpfHeader4SystemFunctionsGlobalObjects.h" />
		<Unit filename="vpfHeader5Crypto.h" />
		<Unit filename="vpfHeader6WebServer.h" />
		<Unit filename="vpfHeader6WebServerInterprocessLogistics.h" />
		<Unit filename="vpfHeader7DatabaseInterface_MySQL.h" />
		<Unit filename="vpfImplementationHeader2Math051_PolynomialComputations_Basic.h" />
		<Unit filename="vpfImplementationHeader2Math052_PolynomialComputations_Advanced.h" />
		<Unit filename="vpfImplementationHeader2Math15_UniversalEnveloping.h" />
		<Unit filename="vpfImplementationHeader2Math1_SemisimpleLieAlgebras.h" />
		<Unit filename="vpfImplementationHeader2Math3_FiniteGroups.h" />
		<Unit filename="vpfImplementationHeader2Math3_WeylAlgebra.h" />
		<Unit filename="vpfImplementationHeader2Math6_ModulesSSLieAlgebras.h" />
		<Unit filename="vpfImplementationHeader2Math7_PackedVector.h" />
		<Unit filename="vpfJson.cpp" />
		<Unit filename="vpfJson.h" />
		<Unit filename="vpfMacros.h" />
		<Unit filename="vpfWebServer.cpp" />
		<Unit filename="vpfWebServerExamAndTeachingRoutines.cpp" />
		<Unit filename="vpfWebServerInterProcessLogistics.cpp" />
		<Extensions>
			<code_completion />
			<debugger />
			<envvars />
			<DoxyBlocks>
				<comment_style block="0" line="0" />
				<doxyfile_project />
				<doxyfile_build />
				<doxyfile_warnings />
				<doxyfile_output />
				<doxyfile_dot />
				<general />
			</DoxyBlocks>
		</Extensions>
	</Project>
</CodeBlocks_project_file>
