<?xml version="1.0" encoding="UTF-8" standalone="yes" ?>
<CodeBlocks_project_file>
	<FileVersion major="1" minor="6" />
	<Project>
		<Option title="wxParser" />
		<Option pch_mode="2" />
		<Option compiler="gcc" />
		<Build>
			<Target title="Debug">
				<Option output="bin/Debug/wxParser" prefix_auto="1" extension_auto="1" />
				<Option object_output="obj/Debug/" />
				<Option type="0" />
				<Option compiler="gcc" />
				<Option projectLinkerOptionsRelation="2" />
				<Compiler>
					<Add option="-g" />
				</Compiler>
			</Target>
		</Build>
		<Compiler>
			<Add option="`wx-config --cflags`" />
			<Add option="-Wall" />
		</Compiler>
		<Linker>
			<Add option="`wx-config --libs`" />
		</Linker>
		<Unit filename="custom_code_here.cpp" />
		<Unit filename="polyhedra.cpp" />
		<Unit filename="polyhedra.h" />
		<Unit filename="wxDrawPanel.cpp" />
		<Unit filename="wxDrawPanel.h" />
		<Unit filename="wxPNGdisplay.cpp" />
		<Unit filename="wxPNGdisplay.h" />
		<Unit filename="wxParserApp.cpp" />
		<Unit filename="wxParserApp.h" />
		<Unit filename="wxParserMain.cpp" />
		<Unit filename="wxParserMain.h" />
		<Unit filename="wxParserOutput.cpp" />
		<Unit filename="wxParserOutput.h" />
		<Unit filename="wxStatus.cpp" />
		<Unit filename="wxStatus.h" />
		<Unit filename="wxsmith/wxParserframe.wxs" />
		<Extensions>
			<envvars />
			<code_completion />
			<wxsmith version="1">
				<gui name="wxWidgets" src="wxParserApp.cpp" main="wxParserFrame" init_handlers="necessary" language="CPP" />
				<resources>
					<wxFrame wxs="wxsmith/wxParserframe.wxs" src="wxParserMain.cpp" hdr="wxParserMain.h" name="wxParserFrame" language="CPP" />
					<wxFrame wxs="wxsmith/wxDrawPanel.wxs" src="wxDrawPanel.cpp" hdr="wxDrawPanel.h" name="wxDrawPanel" language="CPP" />
					<wxFrame wxs="wxsmith/wxParserOutput1.wxs" src="wxParserOutput.cpp" hdr="wxParserOutput.h" name="wxParserOutput" language="CPP" />
					<wxFrame wxs="wxsmith/wxStatus.wxs" src="wxStatus.cpp" hdr="wxStatus.h" name="wxStatus" language="CPP" />
					<wxFrame wxs="wxsmith/wxPNGdisplay.wxs" src="wxPNGdisplay.cpp" hdr="wxPNGdisplay.h" name="wxPNGdisplay" language="CPP" />
				</resources>
			</wxsmith>
			<debugger />
			<lib_finder disable_auto="1" />
		</Extensions>
	</Project>
</CodeBlocks_project_file>
