<?xml version="1.0" encoding="UTF-8" standalone="yes" ?>
<CodeBlocks_project_file>
	<FileVersion major="1" minor="6" />
	<Project>
		<Option title="wxParser" />
		<Option pch_mode="2" />
		<Option compiler="gcc" />
		<Build>
			<Target title="Debug">
				<Option output="bin/Debug/wxParser" prefix_auto="1" extension_auto="1" />
				<Option object_output="obj/Debug/" />
				<Option type="0" />
				<Option compiler="gcc" />
				<Option projectLinkerOptionsRelation="2" />
				<Compiler>
					<Add option="-g" />
				</Compiler>
			</Target>
		</Build>
		<Compiler>
			<Add option="`wx-config --cflags`" />
			<Add option="-Wall" />
		</Compiler>
		<Linker>
			<Add option="`wx-config --libs`" />
		</Linker>
		<Unit filename="custom_code_here.cpp" />
		<Unit filename="polyhedra.cpp" />
		<Unit filename="polyhedra.h" />
		<Unit filename="wxIndicatorWindow.cpp" />
		<Unit filename="wxIndicatorWindow.h" />
		<Unit filename="wxParserApp.cpp" />
		<Unit filename="wxParserApp.h" />
		<Unit filename="wxParserMain.cpp" />
		<Unit filename="wxParserMain.h" />
		<Unit filename="wxParserOutput.cpp" />
		<Unit filename="wxParserOutput.h" />
		<Unit filename="wxVPDrawCanvas.cpp" />
		<Unit filename="wxVPDrawCanvas.h" />
		<Unit filename="wxsmith/wxIndicatorWindow.wxs" />
		<Unit filename="wxsmith/wxParserOutput.wxs" />
		<Unit filename="wxsmith/wxParserdialog.wxs" />
		<Extensions>
			<envvars />
			<code_completion />
			<wxsmith version="1">
				<gui name="wxWidgets" src="wxParserApp.cpp" main="wxParserDialog" init_handlers="necessary" language="CPP" />
				<resources>
					<wxDialog wxs="wxsmith/wxParserdialog.wxs" src="wxParserMain.cpp" hdr="wxParserMain.h" name="wxParserDialog" language="CPP" />
					<wxFrame wxs="wxsmith/wxParserOutput.wxs" src="wxParserOutput.cpp" hdr="wxParserOutput.h" name="wxParserOutput" language="CPP" />
					<wxDialog wxs="wxsmith/wxIndicatorWindow.wxs" src="wxIndicatorWindow.cpp" hdr="wxIndicatorWindow.h" name="wxIndicatorWindow" language="CPP" />
					<wxDialog wxs="wxsmith/wxPanel.wxs" src="wxPanel.cpp" hdr="wxPanel.h" name="wxPanel" language="CPP" />
					<wxDialog wxs="wxsmith/wxVPDrawCanvas.wxs" src="wxVPDrawCanvas.cpp" hdr="wxVPDrawCanvas.h" name="wxVPDrawCanvas" language="CPP" />
				</resources>
			</wxsmith>
			<debugger />
			<lib_finder disable_auto="1" />
		</Extensions>
	</Project>
</CodeBlocks_project_file>
